
Microsoft Visual Studio Solution File, Format Version 12.00
# Visual Studio Version 16
VisualStudioVersion = 16.0.30804.86
MinimumVisualStudioVersion = 10.0.40219.1
Project("{FAE04EC0-301F-11D3-BF4B-00C04F79EFBC}") = "DataAccess", "DataAccess\DataAccess.csproj", "{584387BA-173D-4E85-B9A0-A785C9F5556A}"
EndProject
Project("{FAE04EC0-301F-11D3-BF4B-00C04F79EFBC}") = "Business", "Business\Business.csproj", "{0E033B47-31BE-4FC4-AAB4-E6EAA81B7D64}"
EndProject
Project("{FAE04EC0-301F-11D3-BF4B-00C04F79EFBC}") = "Entities", "Entities\Entities.csproj", "{BA263CCE-6D7E-45EF-89AE-21437D13EB3E}"
EndProject
Project("{FAE04EC0-301F-11D3-BF4B-00C04F79EFBC}") = "ConsoleUI", "ConsoleUI\ConsoleUI.csproj", "{A81BAEAB-A10D-4A6D-B08D-7BB47DE75A6B}"
EndProject
Global
	GlobalSection(SolutionConfigurationPlatforms) = preSolution
		Debug|Any CPU = Debug|Any CPU
		Release|Any CPU = Release|Any CPU
	EndGlobalSection
	GlobalSection(ProjectConfigurationPlatforms) = postSolution
		{584387BA-173D-4E85-B9A0-A785C9F5556A}.Debug|Any CPU.ActiveCfg = Debug|Any CPU
		{584387BA-173D-4E85-B9A0-A785C9F5556A}.Debug|Any CPU.Build.0 = Debug|Any CPU
		{584387BA-173D-4E85-B9A0-A785C9F5556A}.Release|Any CPU.ActiveCfg = Release|Any CPU
		{584387BA-173D-4E85-B9A0-A785C9F5556A}.Release|Any CPU.Build.0 = Release|Any CPU
		{0E033B47-31BE-4FC4-AAB4-E6EAA81B7D64}.Debug|Any CPU.ActiveCfg = Debug|Any CPU
		{0E033B47-31BE-4FC4-AAB4-E6EAA81B7D64}.Debug|Any CPU.Build.0 = Debug|Any CPU
		{0E033B47-31BE-4FC4-AAB4-E6EAA81B7D64}.Release|Any CPU.ActiveCfg = Release|Any CPU
		{0E033B47-31BE-4FC4-AAB4-E6EAA81B7D64}.Release|Any CPU.Build.0 = Release|Any CPU
		{BA263CCE-6D7E-45EF-89AE-21437D13EB3E}.Debug|Any CPU.ActiveCfg = Debug|Any CPU
		{BA263CCE-6D7E-45EF-89AE-21437D13EB3E}.Debug|Any CPU.Build.0 = Debug|Any CPU
		{BA263CCE-6D7E-45EF-89AE-21437D13EB3E}.Release|Any CPU.ActiveCfg = Release|Any CPU
		{BA263CCE-6D7E-45EF-89AE-21437D13EB3E}.Release|Any CPU.Build.0 = Release|Any CPU
		{A81BAEAB-A10D-4A6D-B08D-7BB47DE75A6B}.Debug|Any CPU.ActiveCfg = Debug|Any CPU
		{A81BAEAB-A10D-4A6D-B08D-7BB47DE75A6B}.Debug|Any CPU.Build.0 = Debug|Any CPU
		{A81BAEAB-A10D-4A6D-B08D-7BB47DE75A6B}.Release|Any CPU.ActiveCfg = Release|Any CPU
		{A81BAEAB-A10D-4A6D-B08D-7BB47DE75A6B}.Release|Any CPU.Build.0 = Release|Any CPU
	EndGlobalSection
	GlobalSection(SolutionProperties) = preSolution
		HideSolutionNode = FALSE
	EndGlobalSection
	GlobalSection(ExtensibilityGlobals) = postSolution
		SolutionGuid = {3DD4C278-DAE3-4570-A126-BCF07914F1DA}
	EndGlobalSection
EndGlobal
